
Microsoft Visual Studio Solution File, Format Version 12.00
# Visual Studio Version 17
VisualStudioVersion = 17.3.32901.215
MinimumVisualStudioVersion = 10.0.40219.1
Project("{9A19103F-16F7-4668-BE54-9A1E7A4F7556}") = "LaborCalc", "LaborCalc\LaborCalc\LaborCalc.csproj", "{FE2DEC63-AA61-413D-BBFA-EC51BD9EA104}"
EndProject
Project("{9A19103F-16F7-4668-BE54-9A1E7A4F7556}") = "LaborCalc.Android", "LaborCalc\LaborCalc.Android\LaborCalc.Android.csproj", "{71D5D2E9-DB45-4B1C-9D16-14584B77577B}"
EndProject
Project("{9A19103F-16F7-4668-BE54-9A1E7A4F7556}") = "LaborCalc.Desktop", "LaborCalc\LaborCalc.Desktop\LaborCalc.Desktop.csproj", "{7CD683F0-0DC8-453C-AFE4-755E304F8E6F}"
EndProject
Project("{9A19103F-16F7-4668-BE54-9A1E7A4F7556}") = "LaborCalc.iOS", "LaborCalc\LaborCalc.iOS\LaborCalc.iOS.csproj", "{78A8FB38-DA50-4191-A971-0CF6DF043E74}"
EndProject
Project("{9A19103F-16F7-4668-BE54-9A1E7A4F7556}") = "LaborCalc.Web", "LaborCalc\LaborCalc.Web\LaborCalc.Web.csproj", "{C11F6159-D054-4F57-8B5B-60F99266AA90}"
EndProject
Project("{9A19103F-16F7-4668-BE54-9A1E7A4F7556}") = "AvaloniaApplication1", "AvaloniaApplication1\AvaloniaApplication1.csproj", "{9ED26EC1-D2B8-4B71-A3C4-E23BE5058DAA}"
EndProject
Project("{9A19103F-16F7-4668-BE54-9A1E7A4F7556}") = "ConsoleApp1", "ConsoleApp1\ConsoleApp1.csproj", "{3772AF07-DE62-4F49-A453-6BCC95B73CED}"
EndProject
Global
	GlobalSection(SolutionConfigurationPlatforms) = preSolution
		Debug|Any CPU = Debug|Any CPU
		Debug|ARM = Debug|ARM
		Debug|ARM64 = Debug|ARM64
		Debug|x64 = Debug|x64
		Debug|x86 = Debug|x86
		Release|Any CPU = Release|Any CPU
		Release|ARM = Release|ARM
		Release|ARM64 = Release|ARM64
		Release|x64 = Release|x64
		Release|x86 = Release|x86
	EndGlobalSection
	GlobalSection(ProjectConfigurationPlatforms) = postSolution
		{FE2DEC63-AA61-413D-BBFA-EC51BD9EA104}.Debug|Any CPU.ActiveCfg = Debug|Any CPU
		{FE2DEC63-AA61-413D-BBFA-EC51BD9EA104}.Debug|Any CPU.Build.0 = Debug|Any CPU
		{FE2DEC63-AA61-413D-BBFA-EC51BD9EA104}.Debug|ARM.ActiveCfg = Debug|Any CPU
		{FE2DEC63-AA61-413D-BBFA-EC51BD9EA104}.Debug|ARM.Build.0 = Debug|Any CPU
		{FE2DEC63-AA61-413D-BBFA-EC51BD9EA104}.Debug|ARM64.ActiveCfg = Debug|Any CPU
		{FE2DEC63-AA61-413D-BBFA-EC51BD9EA104}.Debug|ARM64.Build.0 = Debug|Any CPU
		{FE2DEC63-AA61-413D-BBFA-EC51BD9EA104}.Debug|x64.ActiveCfg = Debug|Any CPU
		{FE2DEC63-AA61-413D-BBFA-EC51BD9EA104}.Debug|x64.Build.0 = Debug|Any CPU
		{FE2DEC63-AA61-413D-BBFA-EC51BD9EA104}.Debug|x86.ActiveCfg = Debug|Any CPU
		{FE2DEC63-AA61-413D-BBFA-EC51BD9EA104}.Debug|x86.Build.0 = Debug|Any CPU
		{FE2DEC63-AA61-413D-BBFA-EC51BD9EA104}.Release|Any CPU.ActiveCfg = Release|Any CPU
		{FE2DEC63-AA61-413D-BBFA-EC51BD9EA104}.Release|Any CPU.Build.0 = Release|Any CPU
		{FE2DEC63-AA61-413D-BBFA-EC51BD9EA104}.Release|ARM.ActiveCfg = Release|Any CPU
		{FE2DEC63-AA61-413D-BBFA-EC51BD9EA104}.Release|ARM.Build.0 = Release|Any CPU
		{FE2DEC63-AA61-413D-BBFA-EC51BD9EA104}.Release|ARM64.ActiveCfg = Release|Any CPU
		{FE2DEC63-AA61-413D-BBFA-EC51BD9EA104}.Release|ARM64.Build.0 = Release|Any CPU
		{FE2DEC63-AA61-413D-BBFA-EC51BD9EA104}.Release|x64.ActiveCfg = Release|Any CPU
		{FE2DEC63-AA61-413D-BBFA-EC51BD9EA104}.Release|x64.Build.0 = Release|Any CPU
		{FE2DEC63-AA61-413D-BBFA-EC51BD9EA104}.Release|x86.ActiveCfg = Release|Any CPU
		{FE2DEC63-AA61-413D-BBFA-EC51BD9EA104}.Release|x86.Build.0 = Release|Any CPU
		{71D5D2E9-DB45-4B1C-9D16-14584B77577B}.Debug|Any CPU.ActiveCfg = Debug|Any CPU
		{71D5D2E9-DB45-4B1C-9D16-14584B77577B}.Debug|Any CPU.Build.0 = Debug|Any CPU
		{71D5D2E9-DB45-4B1C-9D16-14584B77577B}.Debug|Any CPU.Deploy.0 = Debug|Any CPU
		{71D5D2E9-DB45-4B1C-9D16-14584B77577B}.Debug|ARM.ActiveCfg = Debug|Any CPU
		{71D5D2E9-DB45-4B1C-9D16-14584B77577B}.Debug|ARM.Build.0 = Debug|Any CPU
		{71D5D2E9-DB45-4B1C-9D16-14584B77577B}.Debug|ARM.Deploy.0 = Debug|Any CPU
		{71D5D2E9-DB45-4B1C-9D16-14584B77577B}.Debug|ARM64.ActiveCfg = Debug|Any CPU
		{71D5D2E9-DB45-4B1C-9D16-14584B77577B}.Debug|ARM64.Build.0 = Debug|Any CPU
		{71D5D2E9-DB45-4B1C-9D16-14584B77577B}.Debug|ARM64.Deploy.0 = Debug|Any CPU
		{71D5D2E9-DB45-4B1C-9D16-14584B77577B}.Debug|x64.ActiveCfg = Debug|Any CPU
		{71D5D2E9-DB45-4B1C-9D16-14584B77577B}.Debug|x64.Build.0 = Debug|Any CPU
		{71D5D2E9-DB45-4B1C-9D16-14584B77577B}.Debug|x64.Deploy.0 = Debug|Any CPU
		{71D5D2E9-DB45-4B1C-9D16-14584B77577B}.Debug|x86.ActiveCfg = Debug|Any CPU
		{71D5D2E9-DB45-4B1C-9D16-14584B77577B}.Debug|x86.Build.0 = Debug|Any CPU
		{71D5D2E9-DB45-4B1C-9D16-14584B77577B}.Debug|x86.Deploy.0 = Debug|Any CPU
		{71D5D2E9-DB45-4B1C-9D16-14584B77577B}.Release|Any CPU.ActiveCfg = Release|Any CPU
		{71D5D2E9-DB45-4B1C-9D16-14584B77577B}.Release|Any CPU.Build.0 = Release|Any CPU
		{71D5D2E9-DB45-4B1C-9D16-14584B77577B}.Release|Any CPU.Deploy.0 = Release|Any CPU
		{71D5D2E9-DB45-4B1C-9D16-14584B77577B}.Release|ARM.ActiveCfg = Release|Any CPU
		{71D5D2E9-DB45-4B1C-9D16-14584B77577B}.Release|ARM.Build.0 = Release|Any CPU
		{71D5D2E9-DB45-4B1C-9D16-14584B77577B}.Release|ARM.Deploy.0 = Release|Any CPU
		{71D5D2E9-DB45-4B1C-9D16-14584B77577B}.Release|ARM64.ActiveCfg = Release|Any CPU
		{71D5D2E9-DB45-4B1C-9D16-14584B77577B}.Release|ARM64.Build.0 = Release|Any CPU
		{71D5D2E9-DB45-4B1C-9D16-14584B77577B}.Release|ARM64.Deploy.0 = Release|Any CPU
		{71D5D2E9-DB45-4B1C-9D16-14584B77577B}.Release|x64.ActiveCfg = Release|Any CPU
		{71D5D2E9-DB45-4B1C-9D16-14584B77577B}.Release|x64.Build.0 = Release|Any CPU
		{71D5D2E9-DB45-4B1C-9D16-14584B77577B}.Release|x64.Deploy.0 = Release|Any CPU
		{71D5D2E9-DB45-4B1C-9D16-14584B77577B}.Release|x86.ActiveCfg = Release|Any CPU
		{71D5D2E9-DB45-4B1C-9D16-14584B77577B}.Release|x86.Build.0 = Release|Any CPU
		{71D5D2E9-DB45-4B1C-9D16-14584B77577B}.Release|x86.Deploy.0 = Release|Any CPU
		{7CD683F0-0DC8-453C-AFE4-755E304F8E6F}.Debug|Any CPU.ActiveCfg = Debug|Any CPU
		{7CD683F0-0DC8-453C-AFE4-755E304F8E6F}.Debug|Any CPU.Build.0 = Debug|Any CPU
		{7CD683F0-0DC8-453C-AFE4-755E304F8E6F}.Debug|ARM.ActiveCfg = Debug|Any CPU
		{7CD683F0-0DC8-453C-AFE4-755E304F8E6F}.Debug|ARM.Build.0 = Debug|Any CPU
		{7CD683F0-0DC8-453C-AFE4-755E304F8E6F}.Debug|ARM64.ActiveCfg = Debug|Any CPU
		{7CD683F0-0DC8-453C-AFE4-755E304F8E6F}.Debug|ARM64.Build.0 = Debug|Any CPU
		{7CD683F0-0DC8-453C-AFE4-755E304F8E6F}.Debug|x64.ActiveCfg = Debug|Any CPU
		{7CD683F0-0DC8-453C-AFE4-755E304F8E6F}.Debug|x64.Build.0 = Debug|Any CPU
		{7CD683F0-0DC8-453C-AFE4-755E304F8E6F}.Debug|x86.ActiveCfg = Debug|Any CPU
		{7CD683F0-0DC8-453C-AFE4-755E304F8E6F}.Debug|x86.Build.0 = Debug|Any CPU
		{7CD683F0-0DC8-453C-AFE4-755E304F8E6F}.Release|Any CPU.ActiveCfg = Release|Any CPU
		{7CD683F0-0DC8-453C-AFE4-755E304F8E6F}.Release|Any CPU.Build.0 = Release|Any CPU
		{7CD683F0-0DC8-453C-AFE4-755E304F8E6F}.Release|ARM.ActiveCfg = Release|Any CPU
		{7CD683F0-0DC8-453C-AFE4-755E304F8E6F}.Release|ARM.Build.0 = Release|Any CPU
		{7CD683F0-0DC8-453C-AFE4-755E304F8E6F}.Release|ARM64.ActiveCfg = Release|Any CPU
		{7CD683F0-0DC8-453C-AFE4-755E304F8E6F}.Release|ARM64.Build.0 = Release|Any CPU
		{7CD683F0-0DC8-453C-AFE4-755E304F8E6F}.Release|x64.ActiveCfg = Release|Any CPU
		{7CD683F0-0DC8-453C-AFE4-755E304F8E6F}.Release|x64.Build.0 = Release|Any CPU
		{7CD683F0-0DC8-453C-AFE4-755E304F8E6F}.Release|x86.ActiveCfg = Release|Any CPU
		{7CD683F0-0DC8-453C-AFE4-755E304F8E6F}.Release|x86.Build.0 = Release|Any CPU
		{78A8FB38-DA50-4191-A971-0CF6DF043E74}.Debug|Any CPU.ActiveCfg = Debug|Any CPU
		{78A8FB38-DA50-4191-A971-0CF6DF043E74}.Debug|Any CPU.Build.0 = Debug|Any CPU
		{78A8FB38-DA50-4191-A971-0CF6DF043E74}.Debug|Any CPU.Deploy.0 = Debug|Any CPU
		{78A8FB38-DA50-4191-A971-0CF6DF043E74}.Debug|ARM.ActiveCfg = Debug|Any CPU
		{78A8FB38-DA50-4191-A971-0CF6DF043E74}.Debug|ARM.Build.0 = Debug|Any CPU
		{78A8FB38-DA50-4191-A971-0CF6DF043E74}.Debug|ARM.Deploy.0 = Debug|Any CPU
		{78A8FB38-DA50-4191-A971-0CF6DF043E74}.Debug|ARM64.ActiveCfg = Debug|Any CPU
		{78A8FB38-DA50-4191-A971-0CF6DF043E74}.Debug|ARM64.Build.0 = Debug|Any CPU
		{78A8FB38-DA50-4191-A971-0CF6DF043E74}.Debug|ARM64.Deploy.0 = Debug|Any CPU
		{78A8FB38-DA50-4191-A971-0CF6DF043E74}.Debug|x64.ActiveCfg = Debug|Any CPU
		{78A8FB38-DA50-4191-A971-0CF6DF043E74}.Debug|x64.Build.0 = Debug|Any CPU
		{78A8FB38-DA50-4191-A971-0CF6DF043E74}.Debug|x64.Deploy.0 = Debug|Any CPU
		{78A8FB38-DA50-4191-A971-0CF6DF043E74}.Debug|x86.ActiveCfg = Debug|Any CPU
		{78A8FB38-DA50-4191-A971-0CF6DF043E74}.Debug|x86.Build.0 = Debug|Any CPU
		{78A8FB38-DA50-4191-A971-0CF6DF043E74}.Debug|x86.Deploy.0 = Debug|Any CPU
		{78A8FB38-DA50-4191-A971-0CF6DF043E74}.Release|Any CPU.ActiveCfg = Release|Any CPU
		{78A8FB38-DA50-4191-A971-0CF6DF043E74}.Release|Any CPU.Build.0 = Release|Any CPU
		{78A8FB38-DA50-4191-A971-0CF6DF043E74}.Release|Any CPU.Deploy.0 = Release|Any CPU
		{78A8FB38-DA50-4191-A971-0CF6DF043E74}.Release|ARM.ActiveCfg = Release|Any CPU
		{78A8FB38-DA50-4191-A971-0CF6DF043E74}.Release|ARM.Build.0 = Release|Any CPU
		{78A8FB38-DA50-4191-A971-0CF6DF043E74}.Release|ARM.Deploy.0 = Release|Any CPU
		{78A8FB38-DA50-4191-A971-0CF6DF043E74}.Release|ARM64.ActiveCfg = Release|Any CPU
		{78A8FB38-DA50-4191-A971-0CF6DF043E74}.Release|ARM64.Build.0 = Release|Any CPU
		{78A8FB38-DA50-4191-A971-0CF6DF043E74}.Release|ARM64.Deploy.0 = Release|Any CPU
		{78A8FB38-DA50-4191-A971-0CF6DF043E74}.Release|x64.ActiveCfg = Release|Any CPU
		{78A8FB38-DA50-4191-A971-0CF6DF043E74}.Release|x64.Build.0 = Release|Any CPU
		{78A8FB38-DA50-4191-A971-0CF6DF043E74}.Release|x64.Deploy.0 = Release|Any CPU
		{78A8FB38-DA50-4191-A971-0CF6DF043E74}.Release|x86.ActiveCfg = Release|Any CPU
		{78A8FB38-DA50-4191-A971-0CF6DF043E74}.Release|x86.Build.0 = Release|Any CPU
		{78A8FB38-DA50-4191-A971-0CF6DF043E74}.Release|x86.Deploy.0 = Release|Any CPU
		{C11F6159-D054-4F57-8B5B-60F99266AA90}.Debug|Any CPU.ActiveCfg = Debug|Any CPU
		{C11F6159-D054-4F57-8B5B-60F99266AA90}.Debug|Any CPU.Build.0 = Debug|Any CPU
		{C11F6159-D054-4F57-8B5B-60F99266AA90}.Debug|ARM.ActiveCfg = Debug|Any CPU
		{C11F6159-D054-4F57-8B5B-60F99266AA90}.Debug|ARM.Build.0 = Debug|Any CPU
		{C11F6159-D054-4F57-8B5B-60F99266AA90}.Debug|ARM64.ActiveCfg = Debug|Any CPU
		{C11F6159-D054-4F57-8B5B-60F99266AA90}.Debug|ARM64.Build.0 = Debug|Any CPU
		{C11F6159-D054-4F57-8B5B-60F99266AA90}.Debug|x64.ActiveCfg = Debug|Any CPU
		{C11F6159-D054-4F57-8B5B-60F99266AA90}.Debug|x64.Build.0 = Debug|Any CPU
		{C11F6159-D054-4F57-8B5B-60F99266AA90}.Debug|x86.ActiveCfg = Debug|Any CPU
		{C11F6159-D054-4F57-8B5B-60F99266AA90}.Debug|x86.Build.0 = Debug|Any CPU
		{C11F6159-D054-4F57-8B5B-60F99266AA90}.Release|Any CPU.ActiveCfg = Release|Any CPU
		{C11F6159-D054-4F57-8B5B-60F99266AA90}.Release|Any CPU.Build.0 = Release|Any CPU
		{C11F6159-D054-4F57-8B5B-60F99266AA90}.Release|ARM.ActiveCfg = Release|Any CPU
		{C11F6159-D054-4F57-8B5B-60F99266AA90}.Release|ARM.Build.0 = Release|Any CPU
		{C11F6159-D054-4F57-8B5B-60F99266AA90}.Release|ARM64.ActiveCfg = Release|Any CPU
		{C11F6159-D054-4F57-8B5B-60F99266AA90}.Release|ARM64.Build.0 = Release|Any CPU
		{C11F6159-D054-4F57-8B5B-60F99266AA90}.Release|x64.ActiveCfg = Release|Any CPU
		{C11F6159-D054-4F57-8B5B-60F99266AA90}.Release|x64.Build.0 = Release|Any CPU
		{C11F6159-D054-4F57-8B5B-60F99266AA90}.Release|x86.ActiveCfg = Release|Any CPU
		{C11F6159-D054-4F57-8B5B-60F99266AA90}.Release|x86.Build.0 = Release|Any CPU
		{9ED26EC1-D2B8-4B71-A3C4-E23BE5058DAA}.Debug|Any CPU.ActiveCfg = Debug|Any CPU
		{9ED26EC1-D2B8-4B71-A3C4-E23BE5058DAA}.Debug|Any CPU.Build.0 = Debug|Any CPU
		{9ED26EC1-D2B8-4B71-A3C4-E23BE5058DAA}.Debug|ARM.ActiveCfg = Debug|Any CPU
		{9ED26EC1-D2B8-4B71-A3C4-E23BE5058DAA}.Debug|ARM.Build.0 = Debug|Any CPU
		{9ED26EC1-D2B8-4B71-A3C4-E23BE5058DAA}.Debug|ARM64.ActiveCfg = Debug|Any CPU
		{9ED26EC1-D2B8-4B71-A3C4-E23BE5058DAA}.Debug|ARM64.Build.0 = Debug|Any CPU
		{9ED26EC1-D2B8-4B71-A3C4-E23BE5058DAA}.Debug|x64.ActiveCfg = Debug|Any CPU
		{9ED26EC1-D2B8-4B71-A3C4-E23BE5058DAA}.Debug|x64.Build.0 = Debug|Any CPU
		{9ED26EC1-D2B8-4B71-A3C4-E23BE5058DAA}.Debug|x86.ActiveCfg = Debug|Any CPU
		{9ED26EC1-D2B8-4B71-A3C4-E23BE5058DAA}.Debug|x86.Build.0 = Debug|Any CPU
		{9ED26EC1-D2B8-4B71-A3C4-E23BE5058DAA}.Release|Any CPU.ActiveCfg = Release|Any CPU
		{9ED26EC1-D2B8-4B71-A3C4-E23BE5058DAA}.Release|Any CPU.Build.0 = Release|Any CPU
		{9ED26EC1-D2B8-4B71-A3C4-E23BE5058DAA}.Release|ARM.ActiveCfg = Release|Any CPU
		{9ED26EC1-D2B8-4B71-A3C4-E23BE5058DAA}.Release|ARM.Build.0 = Release|Any CPU
		{9ED26EC1-D2B8-4B71-A3C4-E23BE5058DAA}.Release|ARM64.ActiveCfg = Release|Any CPU
		{9ED26EC1-D2B8-4B71-A3C4-E23BE5058DAA}.Release|ARM64.Build.0 = Release|Any CPU
		{9ED26EC1-D2B8-4B71-A3C4-E23BE5058DAA}.Release|x64.ActiveCfg = Release|Any CPU
		{9ED26EC1-D2B8-4B71-A3C4-E23BE5058DAA}.Release|x64.Build.0 = Release|Any CPU
		{9ED26EC1-D2B8-4B71-A3C4-E23BE5058DAA}.Release|x86.ActiveCfg = Release|Any CPU
		{9ED26EC1-D2B8-4B71-A3C4-E23BE5058DAA}.Release|x86.Build.0 = Release|Any CPU
		{3772AF07-DE62-4F49-A453-6BCC95B73CED}.Debug|Any CPU.ActiveCfg = Debug|Any CPU
		{3772AF07-DE62-4F49-A453-6BCC95B73CED}.Debug|Any CPU.Build.0 = Debug|Any CPU
		{3772AF07-DE62-4F49-A453-6BCC95B73CED}.Debug|ARM.ActiveCfg = Debug|Any CPU
		{3772AF07-DE62-4F49-A453-6BCC95B73CED}.Debug|ARM.Build.0 = Debug|Any CPU
		{3772AF07-DE62-4F49-A453-6BCC95B73CED}.Debug|ARM64.ActiveCfg = Debug|Any CPU
		{3772AF07-DE62-4F49-A453-6BCC95B73CED}.Debug|ARM64.Build.0 = Debug|Any CPU
		{3772AF07-DE62-4F49-A453-6BCC95B73CED}.Debug|x64.ActiveCfg = Debug|Any CPU
		{3772AF07-DE62-4F49-A453-6BCC95B73CED}.Debug|x64.Build.0 = Debug|Any CPU
		{3772AF07-DE62-4F49-A453-6BCC95B73CED}.Debug|x86.ActiveCfg = Debug|Any CPU
		{3772AF07-DE62-4F49-A453-6BCC95B73CED}.Debug|x86.Build.0 = Debug|Any CPU
		{3772AF07-DE62-4F49-A453-6BCC95B73CED}.Release|Any CPU.ActiveCfg = Release|Any CPU
		{3772AF07-DE62-4F49-A453-6BCC95B73CED}.Release|Any CPU.Build.0 = Release|Any CPU
		{3772AF07-DE62-4F49-A453-6BCC95B73CED}.Release|ARM.ActiveCfg = Release|Any CPU
		{3772AF07-DE62-4F49-A453-6BCC95B73CED}.Release|ARM.Build.0 = Release|Any CPU
		{3772AF07-DE62-4F49-A453-6BCC95B73CED}.Release|ARM64.ActiveCfg = Release|Any CPU
		{3772AF07-DE62-4F49-A453-6BCC95B73CED}.Release|ARM64.Build.0 = Release|Any CPU
		{3772AF07-DE62-4F49-A453-6BCC95B73CED}.Release|x64.ActiveCfg = Release|Any CPU
		{3772AF07-DE62-4F49-A453-6BCC95B73CED}.Release|x64.Build.0 = Release|Any CPU
		{3772AF07-DE62-4F49-A453-6BCC95B73CED}.Release|x86.ActiveCfg = Release|Any CPU
		{3772AF07-DE62-4F49-A453-6BCC95B73CED}.Release|x86.Build.0 = Release|Any CPU
	EndGlobalSection
	GlobalSection(SolutionProperties) = preSolution
		HideSolutionNode = FALSE
	EndGlobalSection
	GlobalSection(ExtensibilityGlobals) = postSolution
		SolutionGuid = {A80D713D-FB5C-4CD5-B430-48B1BF115C3F}
	EndGlobalSection
EndGlobal
